// !$*UTF8*$!
{
	archiveVersion = 1;
	classes = {
	};
	objectVersion = 50;
	objects = {

/* Begin PBXBuildFile section */
		2B72DF02F447B55BAD2FD717 /* Pods_MovieAppCleanSwift.framework in Frameworks */ = {isa = PBXBuildFile; fileRef = DF9FFC90DEA83B4682C1FC2F /* Pods_MovieAppCleanSwift.framework */; };
		F09D830523339A3100AA5E1C /* AppDelegate.swift in Sources */ = {isa = PBXBuildFile; fileRef = F09D830423339A3100AA5E1C /* AppDelegate.swift */; };
		F09D830723339A3100AA5E1C /* ViewController.swift in Sources */ = {isa = PBXBuildFile; fileRef = F09D830623339A3100AA5E1C /* ViewController.swift */; };
		F09D830A23339A3100AA5E1C /* Main.storyboard in Resources */ = {isa = PBXBuildFile; fileRef = F09D830823339A3100AA5E1C /* Main.storyboard */; };
		F09D830C23339A3200AA5E1C /* Assets.xcassets in Resources */ = {isa = PBXBuildFile; fileRef = F09D830B23339A3200AA5E1C /* Assets.xcassets */; };
		F09D830F23339A3200AA5E1C /* LaunchScreen.storyboard in Resources */ = {isa = PBXBuildFile; fileRef = F09D830D23339A3200AA5E1C /* LaunchScreen.storyboard */; };
		F09D832C2334736800AA5E1C /* APIManager.swift in Sources */ = {isa = PBXBuildFile; fileRef = F09D832B2334736800AA5E1C /* APIManager.swift */; };
		F09D832F2334746200AA5E1C /* Movie.swift in Sources */ = {isa = PBXBuildFile; fileRef = F09D832E2334746200AA5E1C /* Movie.swift */; };
		F09D833B2334815800AA5E1C /* MovieListStore.swift in Sources */ = {isa = PBXBuildFile; fileRef = F09D83332334815800AA5E1C /* MovieListStore.swift */; };
		F09D833C2334815800AA5E1C /* MovieListPresenter.swift in Sources */ = {isa = PBXBuildFile; fileRef = F09D83342334815800AA5E1C /* MovieListPresenter.swift */; };
		F09D833D2334815800AA5E1C /* MovieListWorker.swift in Sources */ = {isa = PBXBuildFile; fileRef = F09D83352334815800AA5E1C /* MovieListWorker.swift */; };
		F09D833E2334815800AA5E1C /* MovieListRouter.swift in Sources */ = {isa = PBXBuildFile; fileRef = F09D83362334815800AA5E1C /* MovieListRouter.swift */; };
		F09D833F2334815800AA5E1C /* MovieListModels.swift in Sources */ = {isa = PBXBuildFile; fileRef = F09D83372334815800AA5E1C /* MovieListModels.swift */; };
		F09D83402334815800AA5E1C /* MovieListViewController.swift in Sources */ = {isa = PBXBuildFile; fileRef = F09D83382334815800AA5E1C /* MovieListViewController.swift */; };
		F09D83412334815800AA5E1C /* MovieListInteractor.swift in Sources */ = {isa = PBXBuildFile; fileRef = F09D83392334815800AA5E1C /* MovieListInteractor.swift */; };
		F09D8345233496C100AA5E1C /* MovieListTableViewCell.swift in Sources */ = {isa = PBXBuildFile; fileRef = F09D8343233496C100AA5E1C /* MovieListTableViewCell.swift */; };
		F09D8346233496C100AA5E1C /* MovieListTableViewCell.xib in Resources */ = {isa = PBXBuildFile; fileRef = F09D8344233496C100AA5E1C /* MovieListTableViewCell.xib */; };
/* End PBXBuildFile section */

/* Begin PBXFileReference section */
		6454E749DBE370856A31E834 /* Pods-MovieAppCleanSwift.release.xcconfig */ = {isa = PBXFileReference; includeInIndex = 1; lastKnownFileType = text.xcconfig; name = "Pods-MovieAppCleanSwift.release.xcconfig"; path = "Target Support Files/Pods-MovieAppCleanSwift/Pods-MovieAppCleanSwift.release.xcconfig"; sourceTree = "<group>"; };
		83AAB3F4BF4C14D8C8DB58A2 /* Pods-MovieAppCleanSwift.debug.xcconfig */ = {isa = PBXFileReference; includeInIndex = 1; lastKnownFileType = text.xcconfig; name = "Pods-MovieAppCleanSwift.debug.xcconfig"; path = "Target Support Files/Pods-MovieAppCleanSwift/Pods-MovieAppCleanSwift.debug.xcconfig"; sourceTree = "<group>"; };
		DF9FFC90DEA83B4682C1FC2F /* Pods_MovieAppCleanSwift.framework */ = {isa = PBXFileReference; explicitFileType = wrapper.framework; includeInIndex = 0; path = Pods_MovieAppCleanSwift.framework; sourceTree = BUILT_PRODUCTS_DIR; };
		F09D830123339A3100AA5E1C /* MovieAppCleanSwift.app */ = {isa = PBXFileReference; explicitFileType = wrapper.application; includeInIndex = 0; path = MovieAppCleanSwift.app; sourceTree = BUILT_PRODUCTS_DIR; };
		F09D830423339A3100AA5E1C /* AppDelegate.swift */ = {isa = PBXFileReference; lastKnownFileType = sourcecode.swift; path = AppDelegate.swift; sourceTree = "<group>"; };
		F09D830623339A3100AA5E1C /* ViewController.swift */ = {isa = PBXFileReference; lastKnownFileType = sourcecode.swift; path = ViewController.swift; sourceTree = "<group>"; };
		F09D830923339A3100AA5E1C /* Base */ = {isa = PBXFileReference; lastKnownFileType = file.storyboard; name = Base; path = Base.lproj/Main.storyboard; sourceTree = "<group>"; };
		F09D830B23339A3200AA5E1C /* Assets.xcassets */ = {isa = PBXFileReference; lastKnownFileType = folder.assetcatalog; path = Assets.xcassets; sourceTree = "<group>"; };
		F09D830E23339A3200AA5E1C /* Base */ = {isa = PBXFileReference; lastKnownFileType = file.storyboard; name = Base; path = Base.lproj/LaunchScreen.storyboard; sourceTree = "<group>"; };
		F09D831023339A3200AA5E1C /* Info.plist */ = {isa = PBXFileReference; lastKnownFileType = text.plist.xml; path = Info.plist; sourceTree = "<group>"; };
		F09D832B2334736800AA5E1C /* APIManager.swift */ = {isa = PBXFileReference; lastKnownFileType = sourcecode.swift; path = APIManager.swift; sourceTree = "<group>"; };
		F09D832E2334746200AA5E1C /* Movie.swift */ = {isa = PBXFileReference; lastKnownFileType = sourcecode.swift; path = Movie.swift; sourceTree = "<group>"; };
		F09D83332334815800AA5E1C /* MovieListStore.swift */ = {isa = PBXFileReference; lastKnownFileType = sourcecode.swift; path = MovieListStore.swift; sourceTree = "<group>"; };
		F09D83342334815800AA5E1C /* MovieListPresenter.swift */ = {isa = PBXFileReference; lastKnownFileType = sourcecode.swift; path = MovieListPresenter.swift; sourceTree = "<group>"; };
		F09D83352334815800AA5E1C /* MovieListWorker.swift */ = {isa = PBXFileReference; lastKnownFileType = sourcecode.swift; path = MovieListWorker.swift; sourceTree = "<group>"; };
		F09D83362334815800AA5E1C /* MovieListRouter.swift */ = {isa = PBXFileReference; lastKnownFileType = sourcecode.swift; path = MovieListRouter.swift; sourceTree = "<group>"; };
		F09D83372334815800AA5E1C /* MovieListModels.swift */ = {isa = PBXFileReference; lastKnownFileType = sourcecode.swift; path = MovieListModels.swift; sourceTree = "<group>"; };
		F09D83382334815800AA5E1C /* MovieListViewController.swift */ = {isa = PBXFileReference; lastKnownFileType = sourcecode.swift; path = MovieListViewController.swift; sourceTree = "<group>"; };
		F09D83392334815800AA5E1C /* MovieListInteractor.swift */ = {isa = PBXFileReference; lastKnownFileType = sourcecode.swift; path = MovieListInteractor.swift; sourceTree = "<group>"; };
		F09D8343233496C100AA5E1C /* MovieListTableViewCell.swift */ = {isa = PBXFileReference; lastKnownFileType = sourcecode.swift; path = MovieListTableViewCell.swift; sourceTree = "<group>"; };
		F09D8344233496C100AA5E1C /* MovieListTableViewCell.xib */ = {isa = PBXFileReference; lastKnownFileType = file.xib; path = MovieListTableViewCell.xib; sourceTree = "<group>"; };
/* End PBXFileReference section */

/* Begin PBXFrameworksBuildPhase section */
		F09D82FE23339A3100AA5E1C /* Frameworks */ = {
			isa = PBXFrameworksBuildPhase;
			buildActionMask = 2147483647;
			files = (
				2B72DF02F447B55BAD2FD717 /* Pods_MovieAppCleanSwift.framework in Frameworks */,
			);
			runOnlyForDeploymentPostprocessing = 0;
		};
/* End PBXFrameworksBuildPhase section */

/* Begin PBXGroup section */
		498B1D8945F1CD347B21E6F2 /* Frameworks */ = {
			isa = PBXGroup;
			children = (
				DF9FFC90DEA83B4682C1FC2F /* Pods_MovieAppCleanSwift.framework */,
			);
			name = Frameworks;
			sourceTree = "<group>";
		};
		86EE5D26F3B46C8580B33C30 /* Pods */ = {
			isa = PBXGroup;
			children = (
				83AAB3F4BF4C14D8C8DB58A2 /* Pods-MovieAppCleanSwift.debug.xcconfig */,
				6454E749DBE370856A31E834 /* Pods-MovieAppCleanSwift.release.xcconfig */,
			);
			name = Pods;
			path = Pods;
			sourceTree = "<group>";
		};
		F09D82F823339A3100AA5E1C = {
			isa = PBXGroup;
			children = (
				F09D830323339A3100AA5E1C /* MovieAppCleanSwift */,
				F09D830223339A3100AA5E1C /* Products */,
				86EE5D26F3B46C8580B33C30 /* Pods */,
				498B1D8945F1CD347B21E6F2 /* Frameworks */,
			);
			sourceTree = "<group>";
		};
		F09D830223339A3100AA5E1C /* Products */ = {
			isa = PBXGroup;
			children = (
				F09D830123339A3100AA5E1C /* MovieAppCleanSwift.app */,
			);
			name = Products;
			sourceTree = "<group>";
		};
		F09D830323339A3100AA5E1C /* MovieAppCleanSwift */ = {
			isa = PBXGroup;
			children = (
				F09D832D2334744E00AA5E1C /* Models */,
				F09D83282334731900AA5E1C /* Services */,
				F09D83272334730400AA5E1C /* Scenes */,
				F09D830423339A3100AA5E1C /* AppDelegate.swift */,
				F09D830623339A3100AA5E1C /* ViewController.swift */,
				F09D830823339A3100AA5E1C /* Main.storyboard */,
				F09D830B23339A3200AA5E1C /* Assets.xcassets */,
				F09D830D23339A3200AA5E1C /* LaunchScreen.storyboard */,
				F09D831023339A3200AA5E1C /* Info.plist */,
				F09D8343233496C100AA5E1C /* MovieListTableViewCell.swift */,
				F09D8344233496C100AA5E1C /* MovieListTableViewCell.xib */,
			);
			path = MovieAppCleanSwift;
			sourceTree = "<group>";
		};
		F09D83272334730400AA5E1C /* Scenes */ = {
			isa = PBXGroup;
			children = (
				F09D83322334813C00AA5E1C /* MovieList */,
			);
			path = Scenes;
			sourceTree = "<group>";
		};
		F09D83282334731900AA5E1C /* Services */ = {
			isa = PBXGroup;
			children = (
				F09D832B2334736800AA5E1C /* APIManager.swift */,
			);
			path = Services;
			sourceTree = "<group>";
		};
		F09D832D2334744E00AA5E1C /* Models */ = {
			isa = PBXGroup;
			children = (
				F09D832E2334746200AA5E1C /* Movie.swift */,
			);
			path = Models;
			sourceTree = "<group>";
		};
		F09D83322334813C00AA5E1C /* MovieList */ = {
			isa = PBXGroup;
			children = (
				F09D83332334815800AA5E1C /* MovieListStore.swift */,
				F09D83342334815800AA5E1C /* MovieListPresenter.swift */,
				F09D83352334815800AA5E1C /* MovieListWorker.swift */,
				F09D83362334815800AA5E1C /* MovieListRouter.swift */,
				F09D83372334815800AA5E1C /* MovieListModels.swift */,
				F09D83382334815800AA5E1C /* MovieListViewController.swift */,
				F09D83392334815800AA5E1C /* MovieListInteractor.swift */,
			);
			path = MovieList;
			sourceTree = "<group>";
		};
/* End PBXGroup section */

/* Begin PBXNativeTarget section */
		F09D830023339A3100AA5E1C /* MovieAppCleanSwift */ = {
			isa = PBXNativeTarget;
			buildConfigurationList = F09D831323339A3200AA5E1C /* Build configuration list for PBXNativeTarget "MovieAppCleanSwift" */;
			buildPhases = (
				77F95565B6705E318AE98E04 /* [CP] Check Pods Manifest.lock */,
				F09D82FD23339A3100AA5E1C /* Sources */,
				F09D82FE23339A3100AA5E1C /* Frameworks */,
				F09D82FF23339A3100AA5E1C /* Resources */,
				2444174CEA4E5145E611FE75 /* [CP] Embed Pods Frameworks */,
			);
			buildRules = (
			);
			dependencies = (
			);
			name = MovieAppCleanSwift;
			productName = MovieAppCleanSwift;
			productReference = F09D830123339A3100AA5E1C /* MovieAppCleanSwift.app */;
			productType = "com.apple.product-type.application";
		};
/* End PBXNativeTarget section */

/* Begin PBXProject section */
		F09D82F923339A3100AA5E1C /* Project object */ = {
			isa = PBXProject;
			attributes = {
				LastSwiftUpdateCheck = 1020;
				LastUpgradeCheck = 1020;
				ORGANIZATIONNAME = bobo;
				TargetAttributes = {
					F09D830023339A3100AA5E1C = {
						CreatedOnToolsVersion = 10.2.1;
					};
				};
			};
			buildConfigurationList = F09D82FC23339A3100AA5E1C /* Build configuration list for PBXProject "MovieAppCleanSwift" */;
			compatibilityVersion = "Xcode 9.3";
			developmentRegion = en;
			hasScannedForEncodings = 0;
			knownRegions = (
				en,
				Base,
			);
			mainGroup = F09D82F823339A3100AA5E1C;
			productRefGroup = F09D830223339A3100AA5E1C /* Products */;
			projectDirPath = "";
			projectRoot = "";
			targets = (
				F09D830023339A3100AA5E1C /* MovieAppCleanSwift */,
			);
		};
/* End PBXProject section */

/* Begin PBXResourcesBuildPhase section */
		F09D82FF23339A3100AA5E1C /* Resources */ = {
			isa = PBXResourcesBuildPhase;
			buildActionMask = 2147483647;
			files = (
				F09D830F23339A3200AA5E1C /* LaunchScreen.storyboard in Resources */,
				F09D830C23339A3200AA5E1C /* Assets.xcassets in Resources */,
				F09D8346233496C100AA5E1C /* MovieListTableViewCell.xib in Resources */,
				F09D830A23339A3100AA5E1C /* Main.storyboard in Resources */,
			);
			runOnlyForDeploymentPostprocessing = 0;
		};
/* End PBXResourcesBuildPhase section */

/* Begin PBXShellScriptBuildPhase section */
		2444174CEA4E5145E611FE75 /* [CP] Embed Pods Frameworks */ = {
			isa = PBXShellScriptBuildPhase;
			buildActionMask = 2147483647;
			files = (
			);
			inputFileListPaths = (
				"${PODS_ROOT}/Target Support Files/Pods-MovieAppCleanSwift/Pods-MovieAppCleanSwift-frameworks-${CONFIGURATION}-input-files.xcfilelist",
			);
			name = "[CP] Embed Pods Frameworks";
			outputFileListPaths = (
				"${PODS_ROOT}/Target Support Files/Pods-MovieAppCleanSwift/Pods-MovieAppCleanSwift-frameworks-${CONFIGURATION}-output-files.xcfilelist",
			);
			runOnlyForDeploymentPostprocessing = 0;
			shellPath = /bin/sh;
			shellScript = "\"${PODS_ROOT}/Target Support Files/Pods-MovieAppCleanSwift/Pods-MovieAppCleanSwift-frameworks.sh\"\n";
			showEnvVarsInLog = 0;
		};
		77F95565B6705E318AE98E04 /* [CP] Check Pods Manifest.lock */ = {
			isa = PBXShellScriptBuildPhase;
			buildActionMask = 2147483647;
			files = (
			);
			inputFileListPaths = (
			);
			inputPaths = (
				"${PODS_PODFILE_DIR_PATH}/Podfile.lock",
				"${PODS_ROOT}/Manifest.lock",
			);
			name = "[CP] Check Pods Manifest.lock";
			outputFileListPaths = (
			);
			outputPaths = (
				"$(DERIVED_FILE_DIR)/Pods-MovieAppCleanSwift-checkManifestLockResult.txt",
			);
			runOnlyForDeploymentPostprocessing = 0;
			shellPath = /bin/sh;
			shellScript = "diff \"${PODS_PODFILE_DIR_PATH}/Podfile.lock\" \"${PODS_ROOT}/Manifest.lock\" > /dev/null\nif [ $? != 0 ] ; then\n    # print error to STDERR\n    echo \"error: The sandbox is not in sync with the Podfile.lock. Run 'pod install' or update your CocoaPods installation.\" >&2\n    exit 1\nfi\n# This output is used by Xcode 'outputs' to avoid re-running this script phase.\necho \"SUCCESS\" > \"${SCRIPT_OUTPUT_FILE_0}\"\n";
			showEnvVarsInLog = 0;
		};
/* End PBXShellScriptBuildPhase section */

/* Begin PBXSourcesBuildPhase section */
		F09D82FD23339A3100AA5E1C /* Sources */ = {
			isa = PBXSourcesBuildPhase;
			buildActionMask = 2147483647;
			files = (
				F09D83412334815800AA5E1C /* MovieListInteractor.swift in Sources */,
				F09D830723339A3100AA5E1C /* ViewController.swift in Sources */,
				F09D83402334815800AA5E1C /* MovieListViewController.swift in Sources */,
				F09D833C2334815800AA5E1C /* MovieListPresenter.swift in Sources */,
				F09D833F2334815800AA5E1C /* MovieListModels.swift in Sources */,
				F09D833B2334815800AA5E1C /* MovieListStore.swift in Sources */,
				F09D833D2334815800AA5E1C /* MovieListWorker.swift in Sources */,
				F09D832C2334736800AA5E1C /* APIManager.swift in Sources */,
				F09D833E2334815800AA5E1C /* MovieListRouter.swift in Sources */,
				F09D830523339A3100AA5E1C /* AppDelegate.swift in Sources */,
				F09D8345233496C100AA5E1C /* MovieListTableViewCell.swift in Sources */,
				F09D832F2334746200AA5E1C /* Movie.swift in Sources */,
			);
			runOnlyForDeploymentPostprocessing = 0;
		};
/* End PBXSourcesBuildPhase section */

/* Begin PBXVariantGroup section */
		F09D830823339A3100AA5E1C /* Main.storyboard */ = {
			isa = PBXVariantGroup;
			children = (
				F09D830923339A3100AA5E1C /* Base */,
			);
			name = Main.storyboard;
			sourceTree = "<group>";
		};
		F09D830D23339A3200AA5E1C /* LaunchScreen.storyboard */ = {
			isa = PBXVariantGroup;
			children = (
				F09D830E23339A3200AA5E1C /* Base */,
			);
			name = LaunchScreen.storyboard;
			sourceTree = "<group>";
		};
/* End PBXVariantGroup section */

/* Begin XCBuildConfiguration section */
		F09D831123339A3200AA5E1C /* Debug */ = {
			isa = XCBuildConfiguration;
			buildSettings = {
				ALWAYS_SEARCH_USER_PATHS = NO;
				CLANG_ANALYZER_NONNULL = YES;
				CLANG_ANALYZER_NUMBER_OBJECT_CONVERSION = YES_AGGRESSIVE;
				CLANG_CXX_LANGUAGE_STANDARD = "gnu++14";
				CLANG_CXX_LIBRARY = "libc++";
				CLANG_ENABLE_MODULES = YES;
				CLANG_ENABLE_OBJC_ARC = YES;
				CLANG_ENABLE_OBJC_WEAK = YES;
				CLANG_WARN_BLOCK_CAPTURE_AUTORELEASING = YES;
				CLANG_WARN_BOOL_CONVERSION = YES;
				CLANG_WARN_COMMA = YES;
				CLANG_WARN_CONSTANT_CONVERSION = YES;
				CLANG_WARN_DEPRECATED_OBJC_IMPLEMENTATIONS = YES;
				CLANG_WARN_DIRECT_OBJC_ISA_USAGE = YES_ERROR;
				CLANG_WARN_DOCUMENTATION_COMMENTS = YES;
				CLANG_WARN_EMPTY_BODY = YES;
				CLANG_WARN_ENUM_CONVERSION = YES;
				CLANG_WARN_INFINITE_RECURSION = YES;
				CLANG_WARN_INT_CONVERSION = YES;
				CLANG_WARN_NON_LITERAL_NULL_CONVERSION = YES;
				CLANG_WARN_OBJC_IMPLICIT_RETAIN_SELF = YES;
				CLANG_WARN_OBJC_LITERAL_CONVERSION = YES;
				CLANG_WARN_OBJC_ROOT_CLASS = YES_ERROR;
				CLANG_WARN_RANGE_LOOP_ANALYSIS = YES;
				CLANG_WARN_STRICT_PROTOTYPES = YES;
				CLANG_WARN_SUSPICIOUS_MOVE = YES;
				CLANG_WARN_UNGUARDED_AVAILABILITY = YES_AGGRESSIVE;
				CLANG_WARN_UNREACHABLE_CODE = YES;
				CLANG_WARN__DUPLICATE_METHOD_MATCH = YES;
				CODE_SIGN_IDENTITY = "iPhone Developer";
				COPY_PHASE_STRIP = NO;
				DEBUG_INFORMATION_FORMAT = dwarf;
				ENABLE_STRICT_OBJC_MSGSEND = YES;
				ENABLE_TESTABILITY = YES;
				GCC_C_LANGUAGE_STANDARD = gnu11;
				GCC_DYNAMIC_NO_PIC = NO;
				GCC_NO_COMMON_BLOCKS = YES;
				GCC_OPTIMIZATION_LEVEL = 0;
				GCC_PREPROCESSOR_DEFINITIONS = (
					"DEBUG=1",
					"$(inherited)",
				);
				GCC_WARN_64_TO_32_BIT_CONVERSION = YES;
				GCC_WARN_ABOUT_RETURN_TYPE = YES_ERROR;
				GCC_WARN_UNDECLARED_SELECTOR = YES;
				GCC_WARN_UNINITIALIZED_AUTOS = YES_AGGRESSIVE;
				GCC_WARN_UNUSED_FUNCTION = YES;
				GCC_WARN_UNUSED_VARIABLE = YES;
				IPHONEOS_DEPLOYMENT_TARGET = 12.2;
				MTL_ENABLE_DEBUG_INFO = INCLUDE_SOURCE;
				MTL_FAST_MATH = YES;
				ONLY_ACTIVE_ARCH = YES;
				SDKROOT = iphoneos;
				SWIFT_ACTIVE_COMPILATION_CONDITIONS = DEBUG;
				SWIFT_OPTIMIZATION_LEVEL = "-Onone";
			};
			name = Debug;
		};
		F09D831223339A3200AA5E1C /* Release */ = {
			isa = XCBuildConfiguration;
			buildSettings = {
				ALWAYS_SEARCH_USER_PATHS = NO;
				CLANG_ANALYZER_NONNULL = YES;
				CLANG_ANALYZER_NUMBER_OBJECT_CONVERSION = YES_AGGRESSIVE;
				CLANG_CXX_LANGUAGE_STANDARD = "gnu++14";
				CLANG_CXX_LIBRARY = "libc++";
				CLANG_ENABLE_MODULES = YES;
				CLANG_ENABLE_OBJC_ARC = YES;
				CLANG_ENABLE_OBJC_WEAK = YES;
				CLANG_WARN_BLOCK_CAPTURE_AUTORELEASING = YES;
				CLANG_WARN_BOOL_CONVERSION = YES;
				CLANG_WARN_COMMA = YES;
				CLANG_WARN_CONSTANT_CONVERSION = YES;
				CLANG_WARN_DEPRECATED_OBJC_IMPLEMENTATIONS = YES;
				CLANG_WARN_DIRECT_OBJC_ISA_USAGE = YES_ERROR;
				CLANG_WARN_DOCUMENTATION_COMMENTS = YES;
				CLANG_WARN_EMPTY_BODY = YES;
				CLANG_WARN_ENUM_CONVERSION = YES;
				CLANG_WARN_INFINITE_RECURSION = YES;
				CLANG_WARN_INT_CONVERSION = YES;
				CLANG_WARN_NON_LITERAL_NULL_CONVERSION = YES;
				CLANG_WARN_OBJC_IMPLICIT_RETAIN_SELF = YES;
				CLANG_WARN_OBJC_LITERAL_CONVERSION = YES;
				CLANG_WARN_OBJC_ROOT_CLASS = YES_ERROR;
				CLANG_WARN_RANGE_LOOP_ANALYSIS = YES;
				CLANG_WARN_STRICT_PROTOTYPES = YES;
				CLANG_WARN_SUSPICIOUS_MOVE = YES;
				CLANG_WARN_UNGUARDED_AVAILABILITY = YES_AGGRESSIVE;
				CLANG_WARN_UNREACHABLE_CODE = YES;
				CLANG_WARN__DUPLICATE_METHOD_MATCH = YES;
				CODE_SIGN_IDENTITY = "iPhone Developer";
				COPY_PHASE_STRIP = NO;
				DEBUG_INFORMATION_FORMAT = "dwarf-with-dsym";
				ENABLE_NS_ASSERTIONS = NO;
				ENABLE_STRICT_OBJC_MSGSEND = YES;
				GCC_C_LANGUAGE_STANDARD = gnu11;
				GCC_NO_COMMON_BLOCKS = YES;
				GCC_WARN_64_TO_32_BIT_CONVERSION = YES;
				GCC_WARN_ABOUT_RETURN_TYPE = YES_ERROR;
				GCC_WARN_UNDECLARED_SELECTOR = YES;
				GCC_WARN_UNINITIALIZED_AUTOS = YES_AGGRESSIVE;
				GCC_WARN_UNUSED_FUNCTION = YES;
				GCC_WARN_UNUSED_VARIABLE = YES;
				IPHONEOS_DEPLOYMENT_TARGET = 12.2;
				MTL_ENABLE_DEBUG_INFO = NO;
				MTL_FAST_MATH = YES;
				SDKROOT = iphoneos;
				SWIFT_COMPILATION_MODE = wholemodule;
				SWIFT_OPTIMIZATION_LEVEL = "-O";
				VALIDATE_PRODUCT = YES;
			};
			name = Release;
		};
		F09D831423339A3200AA5E1C /* Debug */ = {
			isa = XCBuildConfiguration;
			baseConfigurationReference = 83AAB3F4BF4C14D8C8DB58A2 /* Pods-MovieAppCleanSwift.debug.xcconfig */;
			buildSettings = {
				ASSETCATALOG_COMPILER_APPICON_NAME = AppIcon;
				CODE_SIGN_STYLE = Automatic;
				INFOPLIST_FILE = MovieAppCleanSwift/Info.plist;
				LD_RUNPATH_SEARCH_PATHS = (
					"$(inherited)",
					"@executable_path/Frameworks",
				);
				PRODUCT_BUNDLE_IDENTIFIER = com.bobo.MovieAppCleanSwift;
				PRODUCT_NAME = "$(TARGET_NAME)";
				SWIFT_VERSION = 5.0;
				TARGETED_DEVICE_FAMILY = "1,2";
			};
			name = Debug;
		};
		F09D831523339A3200AA5E1C /* Release */ = {
			isa = XCBuildConfiguration;
			baseConfigurationReference = 6454E749DBE370856A31E834 /* Pods-MovieAppCleanSwift.release.xcconfig */;
			buildSettings = {
				ASSETCATALOG_COMPILER_APPICON_NAME = AppIcon;
				CODE_SIGN_STYLE = Automatic;
				INFOPLIST_FILE = MovieAppCleanSwift/Info.plist;
				LD_RUNPATH_SEARCH_PATHS = (
					"$(inherited)",
					"@executable_path/Frameworks",
				);
				PRODUCT_BUNDLE_IDENTIFIER = com.bobo.MovieAppCleanSwift;
				PRODUCT_NAME = "$(TARGET_NAME)";
				SWIFT_VERSION = 5.0;
				TARGETED_DEVICE_FAMILY = "1,2";
			};
			name = Release;
		};
/* End XCBuildConfiguration section */

/* Begin XCConfigurationList section */
		F09D82FC23339A3100AA5E1C /* Build configuration list for PBXProject "MovieAppCleanSwift" */ = {
			isa = XCConfigurationList;
			buildConfigurations = (
				F09D831123339A3200AA5E1C /* Debug */,
				F09D831223339A3200AA5E1C /* Release */,
			);
			defaultConfigurationIsVisible = 0;
			defaultConfigurationName = Release;
		};
		F09D831323339A3200AA5E1C /* Build configuration list for PBXNativeTarget "MovieAppCleanSwift" */ = {
			isa = XCConfigurationList;
			buildConfigurations = (
				F09D831423339A3200AA5E1C /* Debug */,
				F09D831523339A3200AA5E1C /* Release */,
			);
			defaultConfigurationIsVisible = 0;
			defaultConfigurationName = Release;
		};
/* End XCConfigurationList section */
	};
	rootObject = F09D82F923339A3100AA5E1C /* Project object */;
}
